
Microsoft Visual Studio Solution File, Format Version 12.00
# Visual Studio 14
VisualStudioVersion = 14.0.25123.0
MinimumVisualStudioVersion = 10.0.40219.1
Project("{FAE04EC0-301F-11D3-BF4B-00C04F79EFBC}") = "ContactSearch", "ContactSearch\ContactSearch.csproj", "{711F260B-94E0-478C-A992-E08E1FFD27A1}"
EndProject
Project("{FAE04EC0-301F-11D3-BF4B-00C04F79EFBC}") = "ContactSearch.DataLayer", "ContactSearch.DataLayer\ContactSearch.DataLayer.csproj", "{F397C4F6-4346-4F2A-99E1-34FA45973AE7}"
EndProject
Project("{FAE04EC0-301F-11D3-BF4B-00C04F79EFBC}") = "ContactSearch.DomainModel", "ContactSearch.DomainModel\ContactSearch.DomainModel.csproj", "{6D1A7D9D-3F36-4D4C-BA6A-842DE0A4DDBA}"
EndProject
Project("{FAE04EC0-301F-11D3-BF4B-00C04F79EFBC}") = "ContactSearch.Service", "ContactsService\ContactSearch.Service.csproj", "{078C83B8-D29A-4FF9-83E6-8B27494A60FD}"
EndProject
Project("{FAE04EC0-301F-11D3-BF4B-00C04F79EFBC}") = "SearchTextBox", "UIControls\SearchTextBox.csproj", "{A3082956-9EE4-4B35-9B4E-B07D0C4C8B56}"
EndProject
Global
	GlobalSection(SolutionConfigurationPlatforms) = preSolution
		Debug|Any CPU = Debug|Any CPU
		Release|Any CPU = Release|Any CPU
	EndGlobalSection
	GlobalSection(ProjectConfigurationPlatforms) = postSolution
		{711F260B-94E0-478C-A992-E08E1FFD27A1}.Debug|Any CPU.ActiveCfg = Debug|Any CPU
		{711F260B-94E0-478C-A992-E08E1FFD27A1}.Debug|Any CPU.Build.0 = Debug|Any CPU
		{711F260B-94E0-478C-A992-E08E1FFD27A1}.Release|Any CPU.ActiveCfg = Release|Any CPU
		{711F260B-94E0-478C-A992-E08E1FFD27A1}.Release|Any CPU.Build.0 = Release|Any CPU
		{F397C4F6-4346-4F2A-99E1-34FA45973AE7}.Debug|Any CPU.ActiveCfg = Debug|Any CPU
		{F397C4F6-4346-4F2A-99E1-34FA45973AE7}.Debug|Any CPU.Build.0 = Debug|Any CPU
		{F397C4F6-4346-4F2A-99E1-34FA45973AE7}.Release|Any CPU.ActiveCfg = Release|Any CPU
		{F397C4F6-4346-4F2A-99E1-34FA45973AE7}.Release|Any CPU.Build.0 = Release|Any CPU
		{6D1A7D9D-3F36-4D4C-BA6A-842DE0A4DDBA}.Debug|Any CPU.ActiveCfg = Debug|Any CPU
		{6D1A7D9D-3F36-4D4C-BA6A-842DE0A4DDBA}.Debug|Any CPU.Build.0 = Debug|Any CPU
		{6D1A7D9D-3F36-4D4C-BA6A-842DE0A4DDBA}.Release|Any CPU.ActiveCfg = Release|Any CPU
		{6D1A7D9D-3F36-4D4C-BA6A-842DE0A4DDBA}.Release|Any CPU.Build.0 = Release|Any CPU
		{078C83B8-D29A-4FF9-83E6-8B27494A60FD}.Debug|Any CPU.ActiveCfg = Debug|Any CPU
		{078C83B8-D29A-4FF9-83E6-8B27494A60FD}.Debug|Any CPU.Build.0 = Debug|Any CPU
		{078C83B8-D29A-4FF9-83E6-8B27494A60FD}.Release|Any CPU.ActiveCfg = Release|Any CPU
		{078C83B8-D29A-4FF9-83E6-8B27494A60FD}.Release|Any CPU.Build.0 = Release|Any CPU
		{A3082956-9EE4-4B35-9B4E-B07D0C4C8B56}.Debug|Any CPU.ActiveCfg = Debug|Any CPU
		{A3082956-9EE4-4B35-9B4E-B07D0C4C8B56}.Debug|Any CPU.Build.0 = Debug|Any CPU
		{A3082956-9EE4-4B35-9B4E-B07D0C4C8B56}.Release|Any CPU.ActiveCfg = Release|Any CPU
		{A3082956-9EE4-4B35-9B4E-B07D0C4C8B56}.Release|Any CPU.Build.0 = Release|Any CPU
	EndGlobalSection
	GlobalSection(SolutionProperties) = preSolution
		HideSolutionNode = FALSE
	EndGlobalSection
EndGlobal
